{
  "version": "3",
  "packages": {
    "specifiers": {
      "jsr:@divy/sdl2@0.10.5": "jsr:@divy/sdl2@0.10.5",
      "npm:@webgpu/glslang": "npm:@webgpu/glslang@0.0.15",
      "npm:@webgpu/glslang@0.0.15": "npm:@webgpu/glslang@0.0.15"
    },
    "jsr": {
      "@divy/sdl2@0.10.5": {
        "integrity": "399d8ff45507d071301c9dde7740dbe35846cb5e9f6cd26ab53b251bb0039cd8"
      }
    },
    "npm": {
      "@webgpu/glslang@0.0.15": {
        "integrity": "sha512-niT+Prh3Aff8Uf1MVBVUsaNjFj9rJAKDXuoHIKiQbB+6IUP/3J3JIhBNyZ7lDhytvXxw6ppgnwKZdDJ08UMj4Q==",
        "dependencies": {}
      }
    }
  },
  "remote": {
    "https://cdn.babylonjs.com/twgsl/twgsl.js": "b4f1f66263b801210f955f74aa71f1939be647ce0fd80ea5befd12a78499d5ff"
  }
}
